{
  "requires": true,
  "lockfileVersion": 1,
  "dependencies": {
    "@types/body-parser": {
      "version": "1.19.0",
      "resolved": "https://registry.npmjs.org/@types/body-parser/-/body-parser-1.19.0.tgz",
      "integrity": "sha512-W98JrE0j2K78swW4ukqMleo8R7h/pFETjM2DQ90MF6XK2i4LO4W3gQ71Lt4w3bfm2EvVSyWHplECvB5sK22yFQ==",
      "requires": {
        "@types/connect": "*",
        "@types/node": "*"
      }
    },
    "@types/connect": {
      "version": "3.4.33",
      "resolved": "https://registry.npmjs.org/@types/connect/-/connect-3.4.33.tgz",
      "integrity": "sha512-2+FrkXY4zllzTNfJth7jOqEHC+enpLeGslEhpnTAkg21GkRrWV4SsAtqchtT4YS9/nODBU2/ZfsBY2X4J/dX7A==",
      "requires": {
        "@types/node": "*"
      }
    },
    "@types/cors": {
      "version": "2.8.6",
      "resolved": "https://registry.npmjs.org/@types/cors/-/cors-2.8.6.tgz",
      "integrity": "sha512-invOmosX0DqbpA+cE2yoHGUlF/blyf7nB0OGYBBiH27crcVm5NmFaZkLP4Ta1hGaesckCi5lVLlydNJCxkTOSg==",
      "requires": {
        "@types/express": "*"
      }
    },
    "@types/express": {
      "version": "4.17.7",
      "resolved": "https://registry.npmjs.org/@types/express/-/express-4.17.7.tgz",
      "integrity": "sha512-dCOT5lcmV/uC2J9k0rPafATeeyz+99xTt54ReX11/LObZgfzJqZNcW27zGhYyX+9iSEGXGt5qLPwRSvBZcLvtQ==",
      "requires": {
        "@types/body-parser": "*",
        "@types/express-serve-static-core": "*",
        "@types/qs": "*",
        "@types/serve-static": "*"
      }
    },
    "@types/express-serve-static-core": {
      "version": "4.17.8",
      "resolved": "https://registry.npmjs.org/@types/express-serve-static-core/-/express-serve-static-core-4.17.8.tgz",
      "integrity": "sha512-1SJZ+R3Q/7mLkOD9ewCBDYD2k0WyZQtWYqF/2VvoNN2/uhI49J9CDN4OAm+wGMA0DbArA4ef27xl4+JwMtGggw==",
      "requires": {
        "@types/node": "*",
        "@types/qs": "*",
        "@types/range-parser": "*"
      }
    },
    "@types/mime": {
      "version": "2.0.2",
      "resolved": "https://registry.npmjs.org/@types/mime/-/mime-2.0.2.tgz",
      "integrity": "sha512-4kPlzbljFcsttWEq6aBW0OZe6BDajAmyvr2xknBG92tejQnvdGtT9+kXSZ580DqpxY9qG2xeQVF9Dq0ymUTo5Q=="
    },
    "@types/node": {
      "version": "14.0.22",
      "resolved": "https://registry.npmjs.org/@types/node/-/node-14.0.22.tgz",
      "integrity": "sha512-emeGcJvdiZ4Z3ohbmw93E/64jRzUHAItSHt8nF7M4TGgQTiWqFVGB8KNpLGFmUHmHLvjvBgFwVlqNcq+VuGv9g=="
    },
    "@types/qs": {
      "version": "6.9.3",
      "resolved": "https://registry.npmjs.org/@types/qs/-/qs-6.9.3.tgz",
      "integrity": "sha512-7s9EQWupR1fTc2pSMtXRQ9w9gLOcrJn+h7HOXw4evxyvVqMi4f+q7d2tnFe3ng3SNHjtK+0EzGMGFUQX4/AQRA=="
    },
    "@types/range-parser": {
      "version": "1.2.3",
      "resolved": "https://registry.npmjs.org/@types/range-parser/-/range-parser-1.2.3.tgz",
      "integrity": "sha512-ewFXqrQHlFsgc09MK5jP5iR7vumV/BYayNC6PgJO2LPe8vrnNFyjQjSppfEngITi0qvfKtzFvgKymGheFM9UOA=="
    },
    "@types/serve-static": {
      "version": "1.13.4",
      "resolved": "https://registry.npmjs.org/@types/serve-static/-/serve-static-1.13.4.tgz",
      "integrity": "sha512-jTDt0o/YbpNwZbQmE/+2e+lfjJEJJR0I3OFaKQKPWkASkCoW3i6fsUnqudSMcNAfbtmADGu8f4MV4q+GqULmug==",
      "requires": {
        "@types/express-serve-static-core": "*",
        "@types/mime": "*"
      }
    },
    "cors": {
      "version": "2.8.5",
      "resolved": "https://registry.npmjs.org/cors/-/cors-2.8.5.tgz",
      "integrity": "sha512-KIHbLJqu73RGr/hnbrO9uBeixNGuvSQjul/jdFvS/KFSIH1hWVd1ng7zOHx+YrEfInLG7q4n6GHQ9cDtxv/P6g==",
      "requires": {
        "object-assign": "^4",
        "vary": "^1"
      }
    },
    "object-assign": {
      "version": "4.1.1",
      "resolved": "https://registry.npmjs.org/object-assign/-/object-assign-4.1.1.tgz",
      "integrity": "sha1-IQmtx5ZYh8/AXLvUQsrIv7s2CGM="
    },
    "vary": {
      "version": "1.1.2",
      "resolved": "https://registry.npmjs.org/vary/-/vary-1.1.2.tgz",
      "integrity": "sha1-IpnwLG3tMNSllhsLn3RSShj2NPw="
    }
  }
}
